
Microsoft Visual Studio Solution File, Format Version 10.00
# Visual Studio 2008
Project("{FAE04EC0-301F-11D3-BF4B-00C04F79EFBC}") = "NumericUpDownControl", "NumericUpDownControl\NumericUpDownControl.csproj", "{FFDF6818-650A-4E47-ABA2-94B50B62CDCE}"
EndProject
Project("{FAE04EC0-301F-11D3-BF4B-00C04F79EFBC}") = "NumericBoxDemo", "NumericBoxDemo\NumericBoxDemo.csproj", "{F6A895E2-3A1E-48B1-998D-C570086D9087}"
EndProject
Global
	GlobalSection(SolutionConfigurationPlatforms) = preSolution
		Debug|Any CPU = Debug|Any CPU
		Release|Any CPU = Release|Any CPU
	EndGlobalSection
	GlobalSection(ProjectConfigurationPlatforms) = postSolution
		{FFDF6818-650A-4E47-ABA2-94B50B62CDCE}.Debug|Any CPU.ActiveCfg = Debug|Any CPU
		{FFDF6818-650A-4E47-ABA2-94B50B62CDCE}.Debug|Any CPU.Build.0 = Debug|Any CPU
		{FFDF6818-650A-4E47-ABA2-94B50B62CDCE}.Release|Any CPU.ActiveCfg = Release|Any CPU
		{FFDF6818-650A-4E47-ABA2-94B50B62CDCE}.Release|Any CPU.Build.0 = Release|Any CPU
		{F6A895E2-3A1E-48B1-998D-C570086D9087}.Debug|Any CPU.ActiveCfg = Debug|Any CPU
		{F6A895E2-3A1E-48B1-998D-C570086D9087}.Debug|Any CPU.Build.0 = Debug|Any CPU
		{F6A895E2-3A1E-48B1-998D-C570086D9087}.Release|Any CPU.ActiveCfg = Release|Any CPU
		{F6A895E2-3A1E-48B1-998D-C570086D9087}.Release|Any CPU.Build.0 = Release|Any CPU
	EndGlobalSection
	GlobalSection(SolutionProperties) = preSolution
		HideSolutionNode = FALSE
	EndGlobalSection
EndGlobal
