
Microsoft Visual Studio Solution File, Format Version 12.00
# Visual Studio 14
VisualStudioVersion = 14.0.23107.0
MinimumVisualStudioVersion = 10.0.40219.1
Project("{FAE04EC0-301F-11D3-BF4B-00C04F79EFBC}") = "UserControl", "UserControl\UserControl.csproj", "{A87ADC36-66F8-41F3-AFD0-6DE427B324BA}"
EndProject
Project("{FAE04EC0-301F-11D3-BF4B-00C04F79EFBC}") = "WpfControlLibrary", "WpfControlLibrary\WpfControlLibrary.csproj", "{09953207-9E74-4D5B-AC35-1A08EDF40CFA}"
EndProject
Global
	GlobalSection(SolutionConfigurationPlatforms) = preSolution
		Debug|Any CPU = Debug|Any CPU
		Release|Any CPU = Release|Any CPU
	EndGlobalSection
	GlobalSection(ProjectConfigurationPlatforms) = postSolution
		{A87ADC36-66F8-41F3-AFD0-6DE427B324BA}.Debug|Any CPU.ActiveCfg = Debug|Any CPU
		{A87ADC36-66F8-41F3-AFD0-6DE427B324BA}.Debug|Any CPU.Build.0 = Debug|Any CPU
		{A87ADC36-66F8-41F3-AFD0-6DE427B324BA}.Release|Any CPU.ActiveCfg = Release|Any CPU
		{A87ADC36-66F8-41F3-AFD0-6DE427B324BA}.Release|Any CPU.Build.0 = Release|Any CPU
		{09953207-9E74-4D5B-AC35-1A08EDF40CFA}.Debug|Any CPU.ActiveCfg = Debug|Any CPU
		{09953207-9E74-4D5B-AC35-1A08EDF40CFA}.Debug|Any CPU.Build.0 = Debug|Any CPU
		{09953207-9E74-4D5B-AC35-1A08EDF40CFA}.Release|Any CPU.ActiveCfg = Release|Any CPU
		{09953207-9E74-4D5B-AC35-1A08EDF40CFA}.Release|Any CPU.Build.0 = Release|Any CPU
	EndGlobalSection
	GlobalSection(SolutionProperties) = preSolution
		HideSolutionNode = FALSE
	EndGlobalSection
EndGlobal
