
Microsoft Visual Studio Solution File, Format Version 12.00
# Visual Studio 14
VisualStudioVersion = 14.0.23107.0
MinimumVisualStudioVersion = 10.0.40219.1
Project("{FAE04EC0-301F-11D3-BF4B-00C04F79EFBC}") = "SimpleWindow", "WpfDay1\SimpleWindow.csproj", "{AD60E9D7-D31C-41D5-ADD0-20E195F4E891}"
EndProject
Project("{FAE04EC0-301F-11D3-BF4B-00C04F79EFBC}") = "ResumeWindow", "ResumeWindow\ResumeWindow.csproj", "{E5FD6B8D-C1FA-4AB4-AE3E-B42D538A7CC8}"
EndProject
Project("{FAE04EC0-301F-11D3-BF4B-00C04F79EFBC}") = "Calculator", "Calculator\Calculator.csproj", "{E9A4951F-68BA-4591-A653-6D02F448EED9}"
EndProject
Global
	GlobalSection(SolutionConfigurationPlatforms) = preSolution
		Debug|Any CPU = Debug|Any CPU
		Release|Any CPU = Release|Any CPU
	EndGlobalSection
	GlobalSection(ProjectConfigurationPlatforms) = postSolution
		{AD60E9D7-D31C-41D5-ADD0-20E195F4E891}.Debug|Any CPU.ActiveCfg = Debug|Any CPU
		{AD60E9D7-D31C-41D5-ADD0-20E195F4E891}.Debug|Any CPU.Build.0 = Debug|Any CPU
		{AD60E9D7-D31C-41D5-ADD0-20E195F4E891}.Release|Any CPU.ActiveCfg = Release|Any CPU
		{AD60E9D7-D31C-41D5-ADD0-20E195F4E891}.Release|Any CPU.Build.0 = Release|Any CPU
		{E5FD6B8D-C1FA-4AB4-AE3E-B42D538A7CC8}.Debug|Any CPU.ActiveCfg = Debug|Any CPU
		{E5FD6B8D-C1FA-4AB4-AE3E-B42D538A7CC8}.Debug|Any CPU.Build.0 = Debug|Any CPU
		{E5FD6B8D-C1FA-4AB4-AE3E-B42D538A7CC8}.Release|Any CPU.ActiveCfg = Release|Any CPU
		{E5FD6B8D-C1FA-4AB4-AE3E-B42D538A7CC8}.Release|Any CPU.Build.0 = Release|Any CPU
		{E9A4951F-68BA-4591-A653-6D02F448EED9}.Debug|Any CPU.ActiveCfg = Debug|Any CPU
		{E9A4951F-68BA-4591-A653-6D02F448EED9}.Debug|Any CPU.Build.0 = Debug|Any CPU
		{E9A4951F-68BA-4591-A653-6D02F448EED9}.Release|Any CPU.ActiveCfg = Release|Any CPU
		{E9A4951F-68BA-4591-A653-6D02F448EED9}.Release|Any CPU.Build.0 = Release|Any CPU
	EndGlobalSection
	GlobalSection(SolutionProperties) = preSolution
		HideSolutionNode = FALSE
	EndGlobalSection
EndGlobal
